
Microsoft Visual Studio Solution File, Format Version 12.00
# Visual Studio Version 16
VisualStudioVersion = 16.0.29920.165
MinimumVisualStudioVersion = 10.0.40219.1
Project("{FAE04EC0-301F-11D3-BF4B-00C04F79EFBC}") = "IdentityServer4OTP", "IdentityServer4OTP.csproj", "{3668829D-7C1C-4E15-9ABE-550112532560}"
EndProject
Project("{FAE04EC0-301F-11D3-BF4B-00C04F79EFBC}") = "ClientOTP", "..\ClientOTP\ClientOTP.csproj", "{421FB750-5D8B-4110-BA7F-978A8285A439}"
EndProject
Global
	GlobalSection(SolutionConfigurationPlatforms) = preSolution
		Debug|Any CPU = Debug|Any CPU
		Release|Any CPU = Release|Any CPU
	EndGlobalSection
	GlobalSection(ProjectConfigurationPlatforms) = postSolution
		{3668829D-7C1C-4E15-9ABE-550112532560}.Debug|Any CPU.ActiveCfg = Debug|Any CPU
		{3668829D-7C1C-4E15-9ABE-550112532560}.Debug|Any CPU.Build.0 = Debug|Any CPU
		{3668829D-7C1C-4E15-9ABE-550112532560}.Release|Any CPU.ActiveCfg = Release|Any CPU
		{3668829D-7C1C-4E15-9ABE-550112532560}.Release|Any CPU.Build.0 = Release|Any CPU
		{421FB750-5D8B-4110-BA7F-978A8285A439}.Debug|Any CPU.ActiveCfg = Debug|Any CPU
		{421FB750-5D8B-4110-BA7F-978A8285A439}.Debug|Any CPU.Build.0 = Debug|Any CPU
		{421FB750-5D8B-4110-BA7F-978A8285A439}.Release|Any CPU.ActiveCfg = Release|Any CPU
		{421FB750-5D8B-4110-BA7F-978A8285A439}.Release|Any CPU.Build.0 = Release|Any CPU
	EndGlobalSection
	GlobalSection(SolutionProperties) = preSolution
		HideSolutionNode = FALSE
	EndGlobalSection
	GlobalSection(ExtensibilityGlobals) = postSolution
		SolutionGuid = {20815BB7-0EEA-4318-9A5B-1354493A5885}
	EndGlobalSection
EndGlobal
